
Microsoft Visual Studio Solution File, Format Version 12.00
# Visual Studio Version 17
VisualStudioVersion = 17.9.34728.123
MinimumVisualStudioVersion = 10.0.40219.1
Project("{FAE04EC0-301F-11D3-BF4B-00C04F79EFBC}") = "Assignment2Q2_930321", "Assignment2Q2_930321\Assignment2Q2_930321.csproj", "{2DC3C56B-8EE8-48D2-995A-DD77FCCAF172}"
EndProject
Global
	GlobalSection(SolutionConfigurationPlatforms) = preSolution
		Debug|Any CPU = Debug|Any CPU
		Release|Any CPU = Release|Any CPU
	EndGlobalSection
	GlobalSection(ProjectConfigurationPlatforms) = postSolution
		{2DC3C56B-8EE8-48D2-995A-DD77FCCAF172}.Debug|Any CPU.ActiveCfg = Debug|Any CPU
		{2DC3C56B-8EE8-48D2-995A-DD77FCCAF172}.Debug|Any CPU.Build.0 = Debug|Any CPU
		{2DC3C56B-8EE8-48D2-995A-DD77FCCAF172}.Release|Any CPU.ActiveCfg = Release|Any CPU
		{2DC3C56B-8EE8-48D2-995A-DD77FCCAF172}.Release|Any CPU.Build.0 = Release|Any CPU
	EndGlobalSection
	GlobalSection(SolutionProperties) = preSolution
		HideSolutionNode = FALSE
	EndGlobalSection
	GlobalSection(ExtensibilityGlobals) = postSolution
		SolutionGuid = {E2830CF9-B6EE-433A-8154-4BC620C9F9E9}
	EndGlobalSection
EndGlobal
