
Microsoft Visual Studio Solution File, Format Version 12.00
# Visual Studio Version 17
VisualStudioVersion = 17.9.34728.123
MinimumVisualStudioVersion = 10.0.40219.1
Project("{FAE04EC0-301F-11D3-BF4B-00C04F79EFBC}") = "labSessionWeek5", "labSessionWeek5\labSessionWeek5.csproj", "{4DDA25F0-04BD-4A81-8AE7-36586411E67D}"
EndProject
Global
	GlobalSection(SolutionConfigurationPlatforms) = preSolution
		Debug|Any CPU = Debug|Any CPU
		Release|Any CPU = Release|Any CPU
	EndGlobalSection
	GlobalSection(ProjectConfigurationPlatforms) = postSolution
		{4DDA25F0-04BD-4A81-8AE7-36586411E67D}.Debug|Any CPU.ActiveCfg = Debug|Any CPU
		{4DDA25F0-04BD-4A81-8AE7-36586411E67D}.Debug|Any CPU.Build.0 = Debug|Any CPU
		{4DDA25F0-04BD-4A81-8AE7-36586411E67D}.Release|Any CPU.ActiveCfg = Release|Any CPU
		{4DDA25F0-04BD-4A81-8AE7-36586411E67D}.Release|Any CPU.Build.0 = Release|Any CPU
	EndGlobalSection
	GlobalSection(SolutionProperties) = preSolution
		HideSolutionNode = FALSE
	EndGlobalSection
	GlobalSection(ExtensibilityGlobals) = postSolution
		SolutionGuid = {79C38FA6-E96F-421A-B15B-4A4325518471}
	EndGlobalSection
EndGlobal
